
Microsoft Visual Studio Solution File, Format Version 12.00
# Visual Studio Version 17
VisualStudioVersion = 17.6.33801.468
MinimumVisualStudioVersion = 10.0.40219.1
Project("{9A19103F-16F7-4668-BE54-9A1E7A4F7556}") = "PsvManager.API", "PsvManagerAPI\PsvManager.API.csproj", "{F0F19981-49F4-435F-B452-CC3A0C563A31}"
EndProject
Project("{9A19103F-16F7-4668-BE54-9A1E7A4F7556}") = "PsvManager.API.Core", "PsvManagerAPI.Core\PsvManager.API.Core.csproj", "{C8E87EAD-5F8B-46AB-A98B-D9A1CE66E686}"
EndProject
Project("{9A19103F-16F7-4668-BE54-9A1E7A4F7556}") = "PsvManager.Shared", "PsvManager.Shared\PsvManager.Shared.csproj", "{9FA0DC97-EDC3-4E88-807E-A084385AC511}"
EndProject
Project("{9A19103F-16F7-4668-BE54-9A1E7A4F7556}") = "PsvManager.Infrastructure.Data", "PsvManager.Infrastructure.Data\PsvManager.Infrastructure.Data.csproj", "{19B0BFCC-D5E1-4969-81E9-A8A44D18B29A}"
EndProject
Project("{FAE04EC0-301F-11D3-BF4B-00C04F79EFBC}") = "PsvManager.Tests", "PsvManager.Tests\PsvManager.Tests.csproj", "{4ADE1AAA-116D-44B8-AA78-60616ED20B14}"
EndProject
Project("{FAE04EC0-301F-11D3-BF4B-00C04F79EFBC}") = "Identity.Infrastructure.Data", "Identity.Infrastructure.Data\Identity.Infrastructure.Data.csproj", "{2614F4F4-0638-4DDB-B56B-0DB00E659EAD}"
EndProject
Project("{FAE04EC0-301F-11D3-BF4B-00C04F79EFBC}") = "Identity.API.Core", "Identity.API.Core\Identity.API.Core.csproj", "{92D6577D-C17F-4AB3-BDBB-AA598CDE28CA}"
EndProject
Project("{FAE04EC0-301F-11D3-BF4B-00C04F79EFBC}") = "Identity.API", "Identity.API\Identity.API.csproj", "{9C17D217-1E8D-4416-8F59-24D263B688F9}"
EndProject
Global
	GlobalSection(SolutionConfigurationPlatforms) = preSolution
		Debug|Any CPU = Debug|Any CPU
		Release|Any CPU = Release|Any CPU
	EndGlobalSection
	GlobalSection(ProjectConfigurationPlatforms) = postSolution
		{F0F19981-49F4-435F-B452-CC3A0C563A31}.Debug|Any CPU.ActiveCfg = Debug|Any CPU
		{F0F19981-49F4-435F-B452-CC3A0C563A31}.Debug|Any CPU.Build.0 = Debug|Any CPU
		{F0F19981-49F4-435F-B452-CC3A0C563A31}.Release|Any CPU.ActiveCfg = Release|Any CPU
		{F0F19981-49F4-435F-B452-CC3A0C563A31}.Release|Any CPU.Build.0 = Release|Any CPU
		{C8E87EAD-5F8B-46AB-A98B-D9A1CE66E686}.Debug|Any CPU.ActiveCfg = Debug|Any CPU
		{C8E87EAD-5F8B-46AB-A98B-D9A1CE66E686}.Debug|Any CPU.Build.0 = Debug|Any CPU
		{C8E87EAD-5F8B-46AB-A98B-D9A1CE66E686}.Release|Any CPU.ActiveCfg = Release|Any CPU
		{C8E87EAD-5F8B-46AB-A98B-D9A1CE66E686}.Release|Any CPU.Build.0 = Release|Any CPU
		{9FA0DC97-EDC3-4E88-807E-A084385AC511}.Debug|Any CPU.ActiveCfg = Debug|Any CPU
		{9FA0DC97-EDC3-4E88-807E-A084385AC511}.Debug|Any CPU.Build.0 = Debug|Any CPU
		{9FA0DC97-EDC3-4E88-807E-A084385AC511}.Release|Any CPU.ActiveCfg = Release|Any CPU
		{9FA0DC97-EDC3-4E88-807E-A084385AC511}.Release|Any CPU.Build.0 = Release|Any CPU
		{19B0BFCC-D5E1-4969-81E9-A8A44D18B29A}.Debug|Any CPU.ActiveCfg = Debug|Any CPU
		{19B0BFCC-D5E1-4969-81E9-A8A44D18B29A}.Debug|Any CPU.Build.0 = Debug|Any CPU
		{19B0BFCC-D5E1-4969-81E9-A8A44D18B29A}.Release|Any CPU.ActiveCfg = Release|Any CPU
		{19B0BFCC-D5E1-4969-81E9-A8A44D18B29A}.Release|Any CPU.Build.0 = Release|Any CPU
		{4ADE1AAA-116D-44B8-AA78-60616ED20B14}.Debug|Any CPU.ActiveCfg = Debug|Any CPU
		{4ADE1AAA-116D-44B8-AA78-60616ED20B14}.Debug|Any CPU.Build.0 = Debug|Any CPU
		{4ADE1AAA-116D-44B8-AA78-60616ED20B14}.Release|Any CPU.ActiveCfg = Release|Any CPU
		{4ADE1AAA-116D-44B8-AA78-60616ED20B14}.Release|Any CPU.Build.0 = Release|Any CPU
		{2614F4F4-0638-4DDB-B56B-0DB00E659EAD}.Debug|Any CPU.ActiveCfg = Debug|Any CPU
		{2614F4F4-0638-4DDB-B56B-0DB00E659EAD}.Debug|Any CPU.Build.0 = Debug|Any CPU
		{2614F4F4-0638-4DDB-B56B-0DB00E659EAD}.Release|Any CPU.ActiveCfg = Release|Any CPU
		{2614F4F4-0638-4DDB-B56B-0DB00E659EAD}.Release|Any CPU.Build.0 = Release|Any CPU
		{92D6577D-C17F-4AB3-BDBB-AA598CDE28CA}.Debug|Any CPU.ActiveCfg = Debug|Any CPU
		{92D6577D-C17F-4AB3-BDBB-AA598CDE28CA}.Debug|Any CPU.Build.0 = Debug|Any CPU
		{92D6577D-C17F-4AB3-BDBB-AA598CDE28CA}.Release|Any CPU.ActiveCfg = Release|Any CPU
		{92D6577D-C17F-4AB3-BDBB-AA598CDE28CA}.Release|Any CPU.Build.0 = Release|Any CPU
		{9C17D217-1E8D-4416-8F59-24D263B688F9}.Debug|Any CPU.ActiveCfg = Debug|Any CPU
		{9C17D217-1E8D-4416-8F59-24D263B688F9}.Debug|Any CPU.Build.0 = Debug|Any CPU
		{9C17D217-1E8D-4416-8F59-24D263B688F9}.Release|Any CPU.ActiveCfg = Release|Any CPU
		{9C17D217-1E8D-4416-8F59-24D263B688F9}.Release|Any CPU.Build.0 = Release|Any CPU
	EndGlobalSection
	GlobalSection(SolutionProperties) = preSolution
		HideSolutionNode = FALSE
	EndGlobalSection
	GlobalSection(ExtensibilityGlobals) = postSolution
		SolutionGuid = {B5927FB1-2DE6-408F-8BA7-25D8A9F93968}
	EndGlobalSection
EndGlobal
